// !$*UTF8*$!
{
	archiveVersion = 1;
	classes = {
	};
	objectVersion = 56;
	objects = {

/* Begin PBXBuildFile section */
		DE8C52CC2A1E7551006AD6A3 /* BasicCalculatorApp.swift in Sources */ = {isa = PBXBuildFile; fileRef = DE8C52CB2A1E7551006AD6A3 /* BasicCalculatorApp.swift */; };
		DE8C52CE2A1E7551006AD6A3 /* ContentView.swift in Sources */ = {isa = PBXBuildFile; fileRef = DE8C52CD2A1E7551006AD6A3 /* ContentView.swift */; };
		DE8C52D02A1E7553006AD6A3 /* Assets.xcassets in Resources */ = {isa = PBXBuildFile; fileRef = DE8C52CF2A1E7553006AD6A3 /* Assets.xcassets */; };
		DE8C52D32A1E7553006AD6A3 /* Preview Assets.xcassets in Resources */ = {isa = PBXBuildFile; fileRef = DE8C52D22A1E7553006AD6A3 /* Preview Assets.xcassets */; };
		DE8C52DD2A1E7553006AD6A3 /* BasicCalculatorTests.swift in Sources */ = {isa = PBXBuildFile; fileRef = DE8C52DC2A1E7553006AD6A3 /* BasicCalculatorTests.swift */; };
		DE8C52E72A1E7553006AD6A3 /* BasicCalculatorUITests.swift in Sources */ = {isa = PBXBuildFile; fileRef = DE8C52E62A1E7553006AD6A3 /* BasicCalculatorUITests.swift */; };
		DE8C52E92A1E7553006AD6A3 /* BasicCalculatorUITestsLaunchTests.swift in Sources */ = {isa = PBXBuildFile; fileRef = DE8C52E82A1E7553006AD6A3 /* BasicCalculatorUITestsLaunchTests.swift */; };
		DE8C52F72A1E778C006AD6A3 /* CustomButton.swift in Sources */ = {isa = PBXBuildFile; fileRef = DE8C52F62A1E778C006AD6A3 /* CustomButton.swift */; };
/* End PBXBuildFile section */

/* Begin PBXContainerItemProxy section */
		DE8C52D92A1E7553006AD6A3 /* PBXContainerItemProxy */ = {
			isa = PBXContainerItemProxy;
			containerPortal = DE8C52C02A1E7551006AD6A3 /* Project object */;
			proxyType = 1;
			remoteGlobalIDString = DE8C52C72A1E7551006AD6A3;
			remoteInfo = BasicCalculator;
		};
		DE8C52E32A1E7553006AD6A3 /* PBXContainerItemProxy */ = {
			isa = PBXContainerItemProxy;
			containerPortal = DE8C52C02A1E7551006AD6A3 /* Project object */;
			proxyType = 1;
			remoteGlobalIDString = DE8C52C72A1E7551006AD6A3;
			remoteInfo = BasicCalculator;
		};
/* End PBXContainerItemProxy section */

/* Begin PBXFileReference section */
		DE8C52C82A1E7551006AD6A3 /* BasicCalculator.app */ = {isa = PBXFileReference; explicitFileType = wrapper.application; includeInIndex = 0; path = BasicCalculator.app; sourceTree = BUILT_PRODUCTS_DIR; };
		DE8C52CB2A1E7551006AD6A3 /* BasicCalculatorApp.swift */ = {isa = PBXFileReference; lastKnownFileType = sourcecode.swift; path = BasicCalculatorApp.swift; sourceTree = "<group>"; };
		DE8C52CD2A1E7551006AD6A3 /* ContentView.swift */ = {isa = PBXFileReference; lastKnownFileType = sourcecode.swift; path = ContentView.swift; sourceTree = "<group>"; };
		DE8C52CF2A1E7553006AD6A3 /* Assets.xcassets */ = {isa = PBXFileReference; lastKnownFileType = folder.assetcatalog; path = Assets.xcassets; sourceTree = "<group>"; };
		DE8C52D22A1E7553006AD6A3 /* Preview Assets.xcassets */ = {isa = PBXFileReference; lastKnownFileType = folder.assetcatalog; path = "Preview Assets.xcassets"; sourceTree = "<group>"; };
		DE8C52D82A1E7553006AD6A3 /* BasicCalculatorTests.xctest */ = {isa = PBXFileReference; explicitFileType = wrapper.cfbundle; includeInIndex = 0; path = BasicCalculatorTests.xctest; sourceTree = BUILT_PRODUCTS_DIR; };
		DE8C52DC2A1E7553006AD6A3 /* BasicCalculatorTests.swift */ = {isa = PBXFileReference; lastKnownFileType = sourcecode.swift; path = BasicCalculatorTests.swift; sourceTree = "<group>"; };
		DE8C52E22A1E7553006AD6A3 /* BasicCalculatorUITests.xctest */ = {isa = PBXFileReference; explicitFileType = wrapper.cfbundle; includeInIndex = 0; path = BasicCalculatorUITests.xctest; sourceTree = BUILT_PRODUCTS_DIR; };
		DE8C52E62A1E7553006AD6A3 /* BasicCalculatorUITests.swift */ = {isa = PBXFileReference; lastKnownFileType = sourcecode.swift; path = BasicCalculatorUITests.swift; sourceTree = "<group>"; };
		DE8C52E82A1E7553006AD6A3 /* BasicCalculatorUITestsLaunchTests.swift */ = {isa = PBXFileReference; lastKnownFileType = sourcecode.swift; path = BasicCalculatorUITestsLaunchTests.swift; sourceTree = "<group>"; };
		DE8C52F62A1E778C006AD6A3 /* CustomButton.swift */ = {isa = PBXFileReference; lastKnownFileType = sourcecode.swift; path = CustomButton.swift; sourceTree = "<group>"; };
/* End PBXFileReference section */

/* Begin PBXFrameworksBuildPhase section */
		DE8C52C52A1E7551006AD6A3 /* Frameworks */ = {
			isa = PBXFrameworksBuildPhase;
			buildActionMask = 2147483647;
			files = (
			);
			runOnlyForDeploymentPostprocessing = 0;
		};
		DE8C52D52A1E7553006AD6A3 /* Frameworks */ = {
			isa = PBXFrameworksBuildPhase;
			buildActionMask = 2147483647;
			files = (
			);
			runOnlyForDeploymentPostprocessing = 0;
		};
		DE8C52DF2A1E7553006AD6A3 /* Frameworks */ = {
			isa = PBXFrameworksBuildPhase;
			buildActionMask = 2147483647;
			files = (
			);
			runOnlyForDeploymentPostprocessing = 0;
		};
/* End PBXFrameworksBuildPhase section */

/* Begin PBXGroup section */
		DE8C52BF2A1E7551006AD6A3 = {
			isa = PBXGroup;
			children = (
				DE8C52CA2A1E7551006AD6A3 /* BasicCalculator */,
				DE8C52DB2A1E7553006AD6A3 /* BasicCalculatorTests */,
				DE8C52E52A1E7553006AD6A3 /* BasicCalculatorUITests */,
				DE8C52C92A1E7551006AD6A3 /* Products */,
			);
			sourceTree = "<group>";
		};
		DE8C52C92A1E7551006AD6A3 /* Products */ = {
			isa = PBXGroup;
			children = (
				DE8C52C82A1E7551006AD6A3 /* BasicCalculator.app */,
				DE8C52D82A1E7553006AD6A3 /* BasicCalculatorTests.xctest */,
				DE8C52E22A1E7553006AD6A3 /* BasicCalculatorUITests.xctest */,
			);
			name = Products;
			sourceTree = "<group>";
		};
		DE8C52CA2A1E7551006AD6A3 /* BasicCalculator */ = {
			isa = PBXGroup;
			children = (
				DE8C52F52A1E7774006AD6A3 /* View */,
				DE8C52CB2A1E7551006AD6A3 /* BasicCalculatorApp.swift */,
				DE8C52CF2A1E7553006AD6A3 /* Assets.xcassets */,
				DE8C52D12A1E7553006AD6A3 /* Preview Content */,
			);
			path = BasicCalculator;
			sourceTree = "<group>";
		};
		DE8C52D12A1E7553006AD6A3 /* Preview Content */ = {
			isa = PBXGroup;
			children = (
				DE8C52D22A1E7553006AD6A3 /* Preview Assets.xcassets */,
			);
			path = "Preview Content";
			sourceTree = "<group>";
		};
		DE8C52DB2A1E7553006AD6A3 /* BasicCalculatorTests */ = {
			isa = PBXGroup;
			children = (
				DE8C52DC2A1E7553006AD6A3 /* BasicCalculatorTests.swift */,
			);
			path = BasicCalculatorTests;
			sourceTree = "<group>";
		};
		DE8C52E52A1E7553006AD6A3 /* BasicCalculatorUITests */ = {
			isa = PBXGroup;
			children = (
				DE8C52E62A1E7553006AD6A3 /* BasicCalculatorUITests.swift */,
				DE8C52E82A1E7553006AD6A3 /* BasicCalculatorUITestsLaunchTests.swift */,
			);
			path = BasicCalculatorUITests;
			sourceTree = "<group>";
		};
		DE8C52F52A1E7774006AD6A3 /* View */ = {
			isa = PBXGroup;
			children = (
				DE8C52CD2A1E7551006AD6A3 /* ContentView.swift */,
				DE8C52F62A1E778C006AD6A3 /* CustomButton.swift */,
			);
			path = View;
			sourceTree = "<group>";
		};
/* End PBXGroup section */

/* Begin PBXNativeTarget section */
		DE8C52C72A1E7551006AD6A3 /* BasicCalculator */ = {
			isa = PBXNativeTarget;
			buildConfigurationList = DE8C52EC2A1E7553006AD6A3 /* Build configuration list for PBXNativeTarget "BasicCalculator" */;
			buildPhases = (
				DE8C52C42A1E7551006AD6A3 /* Sources */,
				DE8C52C52A1E7551006AD6A3 /* Frameworks */,
				DE8C52C62A1E7551006AD6A3 /* Resources */,
			);
			buildRules = (
			);
			dependencies = (
			);
			name = BasicCalculator;
			productName = BasicCalculator;
			productReference = DE8C52C82A1E7551006AD6A3 /* BasicCalculator.app */;
			productType = "com.apple.product-type.application";
		};
		DE8C52D72A1E7553006AD6A3 /* BasicCalculatorTests */ = {
			isa = PBXNativeTarget;
			buildConfigurationList = DE8C52EF2A1E7553006AD6A3 /* Build configuration list for PBXNativeTarget "BasicCalculatorTests" */;
			buildPhases = (
				DE8C52D42A1E7553006AD6A3 /* Sources */,
				DE8C52D52A1E7553006AD6A3 /* Frameworks */,
				DE8C52D62A1E7553006AD6A3 /* Resources */,
			);
			buildRules = (
			);
			dependencies = (
				DE8C52DA2A1E7553006AD6A3 /* PBXTargetDependency */,
			);
			name = BasicCalculatorTests;
			productName = BasicCalculatorTests;
			productReference = DE8C52D82A1E7553006AD6A3 /* BasicCalculatorTests.xctest */;
			productType = "com.apple.product-type.bundle.unit-test";
		};
		DE8C52E12A1E7553006AD6A3 /* BasicCalculatorUITests */ = {
			isa = PBXNativeTarget;
			buildConfigurationList = DE8C52F22A1E7553006AD6A3 /* Build configuration list for PBXNativeTarget "BasicCalculatorUITests" */;
			buildPhases = (
				DE8C52DE2A1E7553006AD6A3 /* Sources */,
				DE8C52DF2A1E7553006AD6A3 /* Frameworks */,
				DE8C52E02A1E7553006AD6A3 /* Resources */,
			);
			buildRules = (
			);
			dependencies = (
				DE8C52E42A1E7553006AD6A3 /* PBXTargetDependency */,
			);
			name = BasicCalculatorUITests;
			productName = BasicCalculatorUITests;
			productReference = DE8C52E22A1E7553006AD6A3 /* BasicCalculatorUITests.xctest */;
			productType = "com.apple.product-type.bundle.ui-testing";
		};
/* End PBXNativeTarget section */

/* Begin PBXProject section */
		DE8C52C02A1E7551006AD6A3 /* Project object */ = {
			isa = PBXProject;
			attributes = {
				BuildIndependentTargetsInParallel = 1;
				LastSwiftUpdateCheck = 1430;
				LastUpgradeCheck = 1430;
				TargetAttributes = {
					DE8C52C72A1E7551006AD6A3 = {
						CreatedOnToolsVersion = 14.3;
					};
					DE8C52D72A1E7553006AD6A3 = {
						CreatedOnToolsVersion = 14.3;
						TestTargetID = DE8C52C72A1E7551006AD6A3;
					};
					DE8C52E12A1E7553006AD6A3 = {
						CreatedOnToolsVersion = 14.3;
						TestTargetID = DE8C52C72A1E7551006AD6A3;
					};
				};
			};
			buildConfigurationList = DE8C52C32A1E7551006AD6A3 /* Build configuration list for PBXProject "BasicCalculator" */;
			compatibilityVersion = "Xcode 14.0";
			developmentRegion = en;
			hasScannedForEncodings = 0;
			knownRegions = (
				en,
				Base,
			);
			mainGroup = DE8C52BF2A1E7551006AD6A3;
			productRefGroup = DE8C52C92A1E7551006AD6A3 /* Products */;
			projectDirPath = "";
			projectRoot = "";
			targets = (
				DE8C52C72A1E7551006AD6A3 /* BasicCalculator */,
				DE8C52D72A1E7553006AD6A3 /* BasicCalculatorTests */,
				DE8C52E12A1E7553006AD6A3 /* BasicCalculatorUITests */,
			);
		};
/* End PBXProject section */

/* Begin PBXResourcesBuildPhase section */
		DE8C52C62A1E7551006AD6A3 /* Resources */ = {
			isa = PBXResourcesBuildPhase;
			buildActionMask = 2147483647;
			files = (
				DE8C52D32A1E7553006AD6A3 /* Preview Assets.xcassets in Resources */,
				DE8C52D02A1E7553006AD6A3 /* Assets.xcassets in Resources */,
			);
			runOnlyForDeploymentPostprocessing = 0;
		};
		DE8C52D62A1E7553006AD6A3 /* Resources */ = {
			isa = PBXResourcesBuildPhase;
			buildActionMask = 2147483647;
			files = (
			);
			runOnlyForDeploymentPostprocessing = 0;
		};
		DE8C52E02A1E7553006AD6A3 /* Resources */ = {
			isa = PBXResourcesBuildPhase;
			buildActionMask = 2147483647;
			files = (
			);
			runOnlyForDeploymentPostprocessing = 0;
		};
/* End PBXResourcesBuildPhase section */

/* Begin PBXSourcesBuildPhase section */
		DE8C52C42A1E7551006AD6A3 /* Sources */ = {
			isa = PBXSourcesBuildPhase;
			buildActionMask = 2147483647;
			files = (
				DE8C52CE2A1E7551006AD6A3 /* ContentView.swift in Sources */,
				DE8C52CC2A1E7551006AD6A3 /* BasicCalculatorApp.swift in Sources */,
				DE8C52F72A1E778C006AD6A3 /* CustomButton.swift in Sources */,
			);
			runOnlyForDeploymentPostprocessing = 0;
		};
		DE8C52D42A1E7553006AD6A3 /* Sources */ = {
			isa = PBXSourcesBuildPhase;
			buildActionMask = 2147483647;
			files = (
				DE8C52DD2A1E7553006AD6A3 /* BasicCalculatorTests.swift in Sources */,
			);
			runOnlyForDeploymentPostprocessing = 0;
		};
		DE8C52DE2A1E7553006AD6A3 /* Sources */ = {
			isa = PBXSourcesBuildPhase;
			buildActionMask = 2147483647;
			files = (
				DE8C52E72A1E7553006AD6A3 /* BasicCalculatorUITests.swift in Sources */,
				DE8C52E92A1E7553006AD6A3 /* BasicCalculatorUITestsLaunchTests.swift in Sources */,
			);
			runOnlyForDeploymentPostprocessing = 0;
		};
/* End PBXSourcesBuildPhase section */

/* Begin PBXTargetDependency section */
		DE8C52DA2A1E7553006AD6A3 /* PBXTargetDependency */ = {
			isa = PBXTargetDependency;
			target = DE8C52C72A1E7551006AD6A3 /* BasicCalculator */;
			targetProxy = DE8C52D92A1E7553006AD6A3 /* PBXContainerItemProxy */;
		};
		DE8C52E42A1E7553006AD6A3 /* PBXTargetDependency */ = {
			isa = PBXTargetDependency;
			target = DE8C52C72A1E7551006AD6A3 /* BasicCalculator */;
			targetProxy = DE8C52E32A1E7553006AD6A3 /* PBXContainerItemProxy */;
		};
/* End PBXTargetDependency section */

/* Begin XCBuildConfiguration section */
		DE8C52EA2A1E7553006AD6A3 /* Debug */ = {
			isa = XCBuildConfiguration;
			buildSettings = {
				ALWAYS_SEARCH_USER_PATHS = NO;
				CLANG_ANALYZER_NONNULL = YES;
				CLANG_ANALYZER_NUMBER_OBJECT_CONVERSION = YES_AGGRESSIVE;
				CLANG_CXX_LANGUAGE_STANDARD = "gnu++20";
				CLANG_ENABLE_MODULES = YES;
				CLANG_ENABLE_OBJC_ARC = YES;
				CLANG_ENABLE_OBJC_WEAK = YES;
				CLANG_WARN_BLOCK_CAPTURE_AUTORELEASING = YES;
				CLANG_WARN_BOOL_CONVERSION = YES;
				CLANG_WARN_COMMA = YES;
				CLANG_WARN_CONSTANT_CONVERSION = YES;
				CLANG_WARN_DEPRECATED_OBJC_IMPLEMENTATIONS = YES;
				CLANG_WARN_DIRECT_OBJC_ISA_USAGE = YES_ERROR;
				CLANG_WARN_DOCUMENTATION_COMMENTS = YES;
				CLANG_WARN_EMPTY_BODY = YES;
				CLANG_WARN_ENUM_CONVERSION = YES;
				CLANG_WARN_INFINITE_RECURSION = YES;
				CLANG_WARN_INT_CONVERSION = YES;
				CLANG_WARN_NON_LITERAL_NULL_CONVERSION = YES;
				CLANG_WARN_OBJC_IMPLICIT_RETAIN_SELF = YES;
				CLANG_WARN_OBJC_LITERAL_CONVERSION = YES;
				CLANG_WARN_OBJC_ROOT_CLASS = YES_ERROR;
				CLANG_WARN_QUOTED_INCLUDE_IN_FRAMEWORK_HEADER = YES;
				CLANG_WARN_RANGE_LOOP_ANALYSIS = YES;
				CLANG_WARN_STRICT_PROTOTYPES = YES;
				CLANG_WARN_SUSPICIOUS_MOVE = YES;
				CLANG_WARN_UNGUARDED_AVAILABILITY = YES_AGGRESSIVE;
				CLANG_WARN_UNREACHABLE_CODE = YES;
				CLANG_WARN__DUPLICATE_METHOD_MATCH = YES;
				COPY_PHASE_STRIP = NO;
				DEBUG_INFORMATION_FORMAT = dwarf;
				ENABLE_STRICT_OBJC_MSGSEND = YES;
				ENABLE_TESTABILITY = YES;
				GCC_C_LANGUAGE_STANDARD = gnu11;
				GCC_DYNAMIC_NO_PIC = NO;
				GCC_NO_COMMON_BLOCKS = YES;
				GCC_OPTIMIZATION_LEVEL = 0;
				GCC_PREPROCESSOR_DEFINITIONS = (
					"DEBUG=1",
					"$(inherited)",
				);
				GCC_WARN_64_TO_32_BIT_CONVERSION = YES;
				GCC_WARN_ABOUT_RETURN_TYPE = YES_ERROR;
				GCC_WARN_UNDECLARED_SELECTOR = YES;
				GCC_WARN_UNINITIALIZED_AUTOS = YES_AGGRESSIVE;
				GCC_WARN_UNUSED_FUNCTION = YES;
				GCC_WARN_UNUSED_VARIABLE = YES;
				IPHONEOS_DEPLOYMENT_TARGET = 16.4;
				MTL_ENABLE_DEBUG_INFO = INCLUDE_SOURCE;
				MTL_FAST_MATH = YES;
				ONLY_ACTIVE_ARCH = YES;
				SDKROOT = iphoneos;
				SWIFT_ACTIVE_COMPILATION_CONDITIONS = DEBUG;
				SWIFT_OPTIMIZATION_LEVEL = "-Onone";
			};
			name = Debug;
		};
		DE8C52EB2A1E7553006AD6A3 /* Release */ = {
			isa = XCBuildConfiguration;
			buildSettings = {
				ALWAYS_SEARCH_USER_PATHS = NO;
				CLANG_ANALYZER_NONNULL = YES;
				CLANG_ANALYZER_NUMBER_OBJECT_CONVERSION = YES_AGGRESSIVE;
				CLANG_CXX_LANGUAGE_STANDARD = "gnu++20";
				CLANG_ENABLE_MODULES = YES;
				CLANG_ENABLE_OBJC_ARC = YES;
				CLANG_ENABLE_OBJC_WEAK = YES;
				CLANG_WARN_BLOCK_CAPTURE_AUTORELEASING = YES;
				CLANG_WARN_BOOL_CONVERSION = YES;
				CLANG_WARN_COMMA = YES;
				CLANG_WARN_CONSTANT_CONVERSION = YES;
				CLANG_WARN_DEPRECATED_OBJC_IMPLEMENTATIONS = YES;
				CLANG_WARN_DIRECT_OBJC_ISA_USAGE = YES_ERROR;
				CLANG_WARN_DOCUMENTATION_COMMENTS = YES;
				CLANG_WARN_EMPTY_BODY = YES;
				CLANG_WARN_ENUM_CONVERSION = YES;
				CLANG_WARN_INFINITE_RECURSION = YES;
				CLANG_WARN_INT_CONVERSION = YES;
				CLANG_WARN_NON_LITERAL_NULL_CONVERSION = YES;
				CLANG_WARN_OBJC_IMPLICIT_RETAIN_SELF = YES;
				CLANG_WARN_OBJC_LITERAL_CONVERSION = YES;
				CLANG_WARN_OBJC_ROOT_CLASS = YES_ERROR;
				CLANG_WARN_QUOTED_INCLUDE_IN_FRAMEWORK_HEADER = YES;
				CLANG_WARN_RANGE_LOOP_ANALYSIS = YES;
				CLANG_WARN_STRICT_PROTOTYPES = YES;
				CLANG_WARN_SUSPICIOUS_MOVE = YES;
				CLANG_WARN_UNGUARDED_AVAILABILITY = YES_AGGRESSIVE;
				CLANG_WARN_UNREACHABLE_CODE = YES;
				CLANG_WARN__DUPLICATE_METHOD_MATCH = YES;
				COPY_PHASE_STRIP = NO;
				DEBUG_INFORMATION_FORMAT = "dwarf-with-dsym";
				ENABLE_NS_ASSERTIONS = NO;
				ENABLE_STRICT_OBJC_MSGSEND = YES;
				GCC_C_LANGUAGE_STANDARD = gnu11;
				GCC_NO_COMMON_BLOCKS = YES;
				GCC_WARN_64_TO_32_BIT_CONVERSION = YES;
				GCC_WARN_ABOUT_RETURN_TYPE = YES_ERROR;
				GCC_WARN_UNDECLARED_SELECTOR = YES;
				GCC_WARN_UNINITIALIZED_AUTOS = YES_AGGRESSIVE;
				GCC_WARN_UNUSED_FUNCTION = YES;
				GCC_WARN_UNUSED_VARIABLE = YES;
				IPHONEOS_DEPLOYMENT_TARGET = 16.4;
				MTL_ENABLE_DEBUG_INFO = NO;
				MTL_FAST_MATH = YES;
				SDKROOT = iphoneos;
				SWIFT_COMPILATION_MODE = wholemodule;
				SWIFT_OPTIMIZATION_LEVEL = "-O";
				VALIDATE_PRODUCT = YES;
			};
			name = Release;
		};
		DE8C52ED2A1E7553006AD6A3 /* Debug */ = {
			isa = XCBuildConfiguration;
			buildSettings = {
				ASSETCATALOG_COMPILER_APPICON_NAME = AppIcon;
				ASSETCATALOG_COMPILER_GLOBAL_ACCENT_COLOR_NAME = AccentColor;
				CODE_SIGN_STYLE = Automatic;
				CURRENT_PROJECT_VERSION = 1;
				DEVELOPMENT_ASSET_PATHS = "\"BasicCalculator/Preview Content\"";
				DEVELOPMENT_TEAM = 2CLDW2823K;
				ENABLE_PREVIEWS = YES;
				GENERATE_INFOPLIST_FILE = YES;
				INFOPLIST_KEY_UIApplicationSceneManifest_Generation = YES;
				INFOPLIST_KEY_UIApplicationSupportsIndirectInputEvents = YES;
				INFOPLIST_KEY_UILaunchScreen_Generation = YES;
				INFOPLIST_KEY_UISupportedInterfaceOrientations_iPad = "UIInterfaceOrientationPortrait UIInterfaceOrientationPortraitUpsideDown UIInterfaceOrientationLandscapeLeft UIInterfaceOrientationLandscapeRight";
				INFOPLIST_KEY_UISupportedInterfaceOrientations_iPhone = "UIInterfaceOrientationPortrait UIInterfaceOrientationLandscapeLeft UIInterfaceOrientationLandscapeRight";
				LD_RUNPATH_SEARCH_PATHS = (
					"$(inherited)",
					"@executable_path/Frameworks",
				);
				MARKETING_VERSION = 1.0;
				PRODUCT_BUNDLE_IDENTIFIER = com.jop.BasicCalculator;
				PRODUCT_NAME = "$(TARGET_NAME)";
				SWIFT_EMIT_LOC_STRINGS = YES;
				SWIFT_VERSION = 5.0;
				TARGETED_DEVICE_FAMILY = "1,2";
			};
			name = Debug;
		};
		DE8C52EE2A1E7553006AD6A3 /* Release */ = {
			isa = XCBuildConfiguration;
			buildSettings = {
				ASSETCATALOG_COMPILER_APPICON_NAME = AppIcon;
				ASSETCATALOG_COMPILER_GLOBAL_ACCENT_COLOR_NAME = AccentColor;
				CODE_SIGN_STYLE = Automatic;
				CURRENT_PROJECT_VERSION = 1;
				DEVELOPMENT_ASSET_PATHS = "\"BasicCalculator/Preview Content\"";
				DEVELOPMENT_TEAM = 2CLDW2823K;
				ENABLE_PREVIEWS = YES;
				GENERATE_INFOPLIST_FILE = YES;
				INFOPLIST_KEY_UIApplicationSceneManifest_Generation = YES;
				INFOPLIST_KEY_UIApplicationSupportsIndirectInputEvents = YES;
				INFOPLIST_KEY_UILaunchScreen_Generation = YES;
				INFOPLIST_KEY_UISupportedInterfaceOrientations_iPad = "UIInterfaceOrientationPortrait UIInterfaceOrientationPortraitUpsideDown UIInterfaceOrientationLandscapeLeft UIInterfaceOrientationLandscapeRight";
				INFOPLIST_KEY_UISupportedInterfaceOrientations_iPhone = "UIInterfaceOrientationPortrait UIInterfaceOrientationLandscapeLeft UIInterfaceOrientationLandscapeRight";
				LD_RUNPATH_SEARCH_PATHS = (
					"$(inherited)",
					"@executable_path/Frameworks",
				);
				MARKETING_VERSION = 1.0;
				PRODUCT_BUNDLE_IDENTIFIER = com.jop.BasicCalculator;
				PRODUCT_NAME = "$(TARGET_NAME)";
				SWIFT_EMIT_LOC_STRINGS = YES;
				SWIFT_VERSION = 5.0;
				TARGETED_DEVICE_FAMILY = "1,2";
			};
			name = Release;
		};
		DE8C52F02A1E7553006AD6A3 /* Debug */ = {
			isa = XCBuildConfiguration;
			buildSettings = {
				ALWAYS_EMBED_SWIFT_STANDARD_LIBRARIES = YES;
				BUNDLE_LOADER = "$(TEST_HOST)";
				CODE_SIGN_STYLE = Automatic;
				CURRENT_PROJECT_VERSION = 1;
				DEVELOPMENT_TEAM = 2CLDW2823K;
				GENERATE_INFOPLIST_FILE = YES;
				IPHONEOS_DEPLOYMENT_TARGET = 16.4;
				MARKETING_VERSION = 1.0;
				PRODUCT_BUNDLE_IDENTIFIER = com.jop.BasicCalculatorTests;
				PRODUCT_NAME = "$(TARGET_NAME)";
				SWIFT_EMIT_LOC_STRINGS = NO;
				SWIFT_VERSION = 5.0;
				TARGETED_DEVICE_FAMILY = "1,2";
				TEST_HOST = "$(BUILT_PRODUCTS_DIR)/BasicCalculator.app/$(BUNDLE_EXECUTABLE_FOLDER_PATH)/BasicCalculator";
			};
			name = Debug;
		};
		DE8C52F12A1E7553006AD6A3 /* Release */ = {
			isa = XCBuildConfiguration;
			buildSettings = {
				ALWAYS_EMBED_SWIFT_STANDARD_LIBRARIES = YES;
				BUNDLE_LOADER = "$(TEST_HOST)";
				CODE_SIGN_STYLE = Automatic;
				CURRENT_PROJECT_VERSION = 1;
				DEVELOPMENT_TEAM = 2CLDW2823K;
				GENERATE_INFOPLIST_FILE = YES;
				IPHONEOS_DEPLOYMENT_TARGET = 16.4;
				MARKETING_VERSION = 1.0;
				PRODUCT_BUNDLE_IDENTIFIER = com.jop.BasicCalculatorTests;
				PRODUCT_NAME = "$(TARGET_NAME)";
				SWIFT_EMIT_LOC_STRINGS = NO;
				SWIFT_VERSION = 5.0;
				TARGETED_DEVICE_FAMILY = "1,2";
				TEST_HOST = "$(BUILT_PRODUCTS_DIR)/BasicCalculator.app/$(BUNDLE_EXECUTABLE_FOLDER_PATH)/BasicCalculator";
			};
			name = Release;
		};
		DE8C52F32A1E7553006AD6A3 /* Debug */ = {
			isa = XCBuildConfiguration;
			buildSettings = {
				ALWAYS_EMBED_SWIFT_STANDARD_LIBRARIES = YES;
				CODE_SIGN_STYLE = Automatic;
				CURRENT_PROJECT_VERSION = 1;
				DEVELOPMENT_TEAM = 2CLDW2823K;
				GENERATE_INFOPLIST_FILE = YES;
				MARKETING_VERSION = 1.0;
				PRODUCT_BUNDLE_IDENTIFIER = com.jop.BasicCalculatorUITests;
				PRODUCT_NAME = "$(TARGET_NAME)";
				SWIFT_EMIT_LOC_STRINGS = NO;
				SWIFT_VERSION = 5.0;
				TARGETED_DEVICE_FAMILY = "1,2";
				TEST_TARGET_NAME = BasicCalculator;
			};
			name = Debug;
		};
		DE8C52F42A1E7553006AD6A3 /* Release */ = {
			isa = XCBuildConfiguration;
			buildSettings = {
				ALWAYS_EMBED_SWIFT_STANDARD_LIBRARIES = YES;
				CODE_SIGN_STYLE = Automatic;
				CURRENT_PROJECT_VERSION = 1;
				DEVELOPMENT_TEAM = 2CLDW2823K;
				GENERATE_INFOPLIST_FILE = YES;
				MARKETING_VERSION = 1.0;
				PRODUCT_BUNDLE_IDENTIFIER = com.jop.BasicCalculatorUITests;
				PRODUCT_NAME = "$(TARGET_NAME)";
				SWIFT_EMIT_LOC_STRINGS = NO;
				SWIFT_VERSION = 5.0;
				TARGETED_DEVICE_FAMILY = "1,2";
				TEST_TARGET_NAME = BasicCalculator;
			};
			name = Release;
		};
/* End XCBuildConfiguration section */

/* Begin XCConfigurationList section */
		DE8C52C32A1E7551006AD6A3 /* Build configuration list for PBXProject "BasicCalculator" */ = {
			isa = XCConfigurationList;
			buildConfigurations = (
				DE8C52EA2A1E7553006AD6A3 /* Debug */,
				DE8C52EB2A1E7553006AD6A3 /* Release */,
			);
			defaultConfigurationIsVisible = 0;
			defaultConfigurationName = Release;
		};
		DE8C52EC2A1E7553006AD6A3 /* Build configuration list for PBXNativeTarget "BasicCalculator" */ = {
			isa = XCConfigurationList;
			buildConfigurations = (
				DE8C52ED2A1E7553006AD6A3 /* Debug */,
				DE8C52EE2A1E7553006AD6A3 /* Release */,
			);
			defaultConfigurationIsVisible = 0;
			defaultConfigurationName = Release;
		};
		DE8C52EF2A1E7553006AD6A3 /* Build configuration list for PBXNativeTarget "BasicCalculatorTests" */ = {
			isa = XCConfigurationList;
			buildConfigurations = (
				DE8C52F02A1E7553006AD6A3 /* Debug */,
				DE8C52F12A1E7553006AD6A3 /* Release */,
			);
			defaultConfigurationIsVisible = 0;
			defaultConfigurationName = Release;
		};
		DE8C52F22A1E7553006AD6A3 /* Build configuration list for PBXNativeTarget "BasicCalculatorUITests" */ = {
			isa = XCConfigurationList;
			buildConfigurations = (
				DE8C52F32A1E7553006AD6A3 /* Debug */,
				DE8C52F42A1E7553006AD6A3 /* Release */,
			);
			defaultConfigurationIsVisible = 0;
			defaultConfigurationName = Release;
		};
/* End XCConfigurationList section */
	};
	rootObject = DE8C52C02A1E7551006AD6A3 /* Project object */;
}
